{
  "requires": true,
  "lockfileVersion": 1,
  "dependencies": {
    "bcoin": {
      "version": "0.15.0",
      "resolved": "https://registry.npmjs.org/bcoin/-/bcoin-0.15.0.tgz",
      "integrity": "sha1-aSsAP8DftX9DmIqdAwGRYHcdTtc=",
      "dev": true,
      "requires": {
        "async": "0.8.0",
        "bn.js": "0.10.1",
        "elliptic": "0.14.2",
        "hash.js": "0.2.1",
        "inherits": "2.0.1"
      },
      "dependencies": {
        "async": {
          "version": "0.8.0",
          "resolved": "https://registry.npmjs.org/async/-/async-0.8.0.tgz",
          "integrity": "sha1-7mXsdymML/FFa8RBigUtDwZDURI=",
          "dev": true
        },
        "bn.js": {
          "version": "0.10.1",
          "resolved": "https://registry.npmjs.org/bn.js/-/bn.js-0.10.1.tgz",
          "integrity": "sha1-/RQWGUrBsSp78JY0EQMhQljmj+8=",
          "dev": true
        },
        "elliptic": {
          "version": "0.14.2",
          "resolved": "https://registry.npmjs.org/elliptic/-/elliptic-0.14.2.tgz",
          "integrity": "sha1-0HdNsz3JWLPEJmILdVhgkbbJbSw=",
          "dev": true,
          "requires": {
            "bn.js": "0.10.1",
            "hash.js": "0.2.1",
            "uglify-js": "2.7.0"
          },
          "dependencies": {
            "uglify-js": {
              "version": "2.7.0",
              "resolved": "https://registry.npmjs.org/uglify-js/-/uglify-js-2.7.0.tgz",
              "integrity": "sha1-8CHji6LKdAhg9b1caVwqgXNF8Ow=",
              "dev": true,
              "requires": {
                "async": "0.2.10",
                "source-map": "0.5.6",
                "uglify-to-browserify": "1.0.2",
                "yargs": "3.10.0"
              },
              "dependencies": {
                "async": {
                  "version": "0.2.10",
                  "resolved": "https://registry.npmjs.org/async/-/async-0.2.10.tgz",
                  "integrity": "sha1-trvgsGdLnXGXCMo43owjfLUmw9E=",
                  "dev": true
                },
                "source-map": {
                  "version": "0.5.6",
                  "resolved": "https://registry.npmjs.org/source-map/-/source-map-0.5.6.tgz",
                  "integrity": "sha1-dc449SvwczxafwwRjYEzSiu19BI=",
                  "dev": true
                },
                "uglify-to-browserify": {
                  "version": "1.0.2",
                  "resolved": "https://registry.npmjs.org/uglify-to-browserify/-/uglify-to-browserify-1.0.2.tgz",
                  "integrity": "sha1-bgkk1r2mta/jSeOabWMoUKD4grc=",
                  "dev": true
                },
                "yargs": {
                  "version": "3.10.0",
                  "resolved": "https://registry.npmjs.org/yargs/-/yargs-3.10.0.tgz",
                  "integrity": "sha1-9+572FfdfB0tOMDnTvvWgdFDH9E=",
                  "dev": true,
                  "requires": {
                    "camelcase": "1.2.1",
                    "cliui": "2.1.0",
                    "decamelize": "1.2.0",
                    "window-size": "0.1.0"
                  },
                  "dependencies": {
                    "camelcase": {
                      "version": "1.2.1",
                      "resolved": "https://registry.npmjs.org/camelcase/-/camelcase-1.2.1.tgz",
                      "integrity": "sha1-m7UwTS4LVmmLLHWLCKPqqdqlijk=",
                      "dev": true
                    },
                    "cliui": {
                      "version": "2.1.0",
                      "resolved": "https://registry.npmjs.org/cliui/-/cliui-2.1.0.tgz",
                      "integrity": "sha1-S0dXYP+AJkx2LDoXGQMukcf+oNE=",
                      "dev": true,
                      "requires": {
                        "center-align": "0.1.3",
                        "right-align": "0.1.3",
                        "wordwrap": "0.0.2"
                      },
                      "dependencies": {
                        "center-align": {
                          "version": "0.1.3",
                          "resolved": "https://registry.npmjs.org/center-align/-/center-align-0.1.3.tgz",
                          "integrity": "sha1-qg0yYptu6XIgBBHL1EYckHvCt60=",
                          "dev": true,
                          "requires": {
                            "align-text": "0.1.4",
                            "lazy-cache": "1.0.4"
                          },
                          "dependencies": {
                            "align-text": {
                              "version": "0.1.4",
                              "resolved": "https://registry.npmjs.org/align-text/-/align-text-0.1.4.tgz",
                              "integrity": "sha1-DNkKVhCT810KmSVsIrcGlDP60Rc=",
                              "dev": true,
                              "requires": {
                                "kind-of": "3.0.3",
                                "longest": "1.0.1",
                                "repeat-string": "1.5.4"
                              },
                              "dependencies": {
                                "kind-of": {
                                  "version": "3.0.3",
                                  "resolved": "https://registry.npmjs.org/kind-of/-/kind-of-3.0.3.tgz",
                                  "integrity": "sha1-xhYIdH2BWwNiVW2zJ2Nip6OK3tM=",
                                  "dev": true,
                                  "requires": {
                                    "is-buffer": "1.1.3"
                                  },
                                  "dependencies": {
                                    "is-buffer": {
                                      "version": "1.1.3",
                                      "resolved": "https://registry.npmjs.org/is-buffer/-/is-buffer-1.1.3.tgz",
                                      "integrity": "sha1-24l/w/esotUN6UtsjCiWpHcWJ68=",
                                      "dev": true
                                    }
                                  }
                                },
                                "longest": {
                                  "version": "1.0.1",
                                  "resolved": "https://registry.npmjs.org/longest/-/longest-1.0.1.tgz",
                                  "integrity": "sha1-MKCy2jj3N3DoKUoNIuZiXtd9AJc=",
                                  "dev": true
                                },
                                "repeat-string": {
                                  "version": "1.5.4",
                                  "resolved": "https://registry.npmjs.org/repeat-string/-/repeat-string-1.5.4.tgz",
                                  "integrity": "sha1-ZOwMkeD0tHX5DVtkNlHj5uW2wtU=",
                                  "dev": true
                                }
                              }
                            },
                            "lazy-cache": {
                              "version": "1.0.4",
                              "resolved": "https://registry.npmjs.org/lazy-cache/-/lazy-cache-1.0.4.tgz",
                              "integrity": "sha1-odePw6UEdMuAhF07O24dpJpEbo4=",
                              "dev": true
                            }
                          }
                        },
                        "right-align": {
                          "version": "0.1.3",
                          "resolved": "https://registry.npmjs.org/right-align/-/right-align-0.1.3.tgz",
                          "integrity": "sha1-YTObci/mo1FWiSENJOFMlhSGE+8=",
                          "dev": true,
                          "requires": {
                            "align-text": "0.1.4"
                          },
                          "dependencies": {
                            "align-text": {
                              "version": "0.1.4",
                              "resolved": "https://registry.npmjs.org/align-text/-/align-text-0.1.4.tgz",
                              "integrity": "sha1-DNkKVhCT810KmSVsIrcGlDP60Rc=",
                              "dev": true,
                              "requires": {
                                "kind-of": "3.0.3",
                                "longest": "1.0.1",
                                "repeat-string": "1.5.4"
                              },
                              "dependencies": {
                                "kind-of": {
                                  "version": "3.0.3",
                                  "resolved": "https://registry.npmjs.org/kind-of/-/kind-of-3.0.3.tgz",
                                  "integrity": "sha1-xhYIdH2BWwNiVW2zJ2Nip6OK3tM=",
                                  "dev": true,
                                  "requires": {
                                    "is-buffer": "1.1.3"
                                  },
                                  "dependencies": {
                                    "is-buffer": {
                                      "version": "1.1.3",
                                      "resolved": "https://registry.npmjs.org/is-buffer/-/is-buffer-1.1.3.tgz",
                                      "integrity": "sha1-24l/w/esotUN6UtsjCiWpHcWJ68=",
                                      "dev": true
                                    }
                                  }
                                },
                                "longest": {
                                  "version": "1.0.1",
                                  "resolved": "https://registry.npmjs.org/longest/-/longest-1.0.1.tgz",
                                  "integrity": "sha1-MKCy2jj3N3DoKUoNIuZiXtd9AJc=",
                                  "dev": true
                                },
                                "repeat-string": {
                                  "version": "1.5.4",
                                  "resolved": "https://registry.npmjs.org/repeat-string/-/repeat-string-1.5.4.tgz",
                                  "integrity": "sha1-ZOwMkeD0tHX5DVtkNlHj5uW2wtU=",
                                  "dev": true
                                }
                              }
                            }
                          }
                        },
                        "wordwrap": {
                          "version": "0.0.2",
                          "resolved": "https://registry.npmjs.org/wordwrap/-/wordwrap-0.0.2.tgz",
                          "integrity": "sha1-t5Zpu0LstAn4PVg8rVLKF+qhZD8=",
                          "dev": true
                        }
                      }
                    },
                    "decamelize": {
                      "version": "1.2.0",
                      "resolved": "https://registry.npmjs.org/decamelize/-/decamelize-1.2.0.tgz",
                      "integrity": "sha1-9lNNFRSCabIDUue+4m9QH5oZEpA=",
                      "dev": true
                    },
                    "window-size": {
                      "version": "0.1.0",
                      "resolved": "https://registry.npmjs.org/window-size/-/window-size-0.1.0.tgz",
                      "integrity": "sha1-VDjNLqk7IC76Ohn+iIeu58lPnJ0=",
                      "dev": true
                    }
                  }
                }
              }
            }
          }
        },
        "hash.js": {
          "version": "0.2.1",
          "resolved": "https://registry.npmjs.org/hash.js/-/hash.js-0.2.1.tgz",
          "integrity": "sha1-MKBoEJMkeOU8DEUJ/n8dti44xv8=",
          "dev": true
        },
        "inherits": {
          "version": "2.0.1",
          "resolved": "https://registry.npmjs.org/inherits/-/inherits-2.0.1.tgz",
          "integrity": "sha1-sX0I0ya0Qj5Wjv9xn5GwscvfafE=",
          "dev": true
        }
      }
    },
    "benchmark": {
      "version": "1.0.0",
      "resolved": "https://registry.npmjs.org/benchmark/-/benchmark-1.0.0.tgz",
      "integrity": "sha1-Lx4vpMNZ8REiqhgwgiGOlX45DHM=",
      "dev": true
    },
    "bitcoinjs-lib": {
      "version": "1.5.8",
      "resolved": "https://registry.npmjs.org/bitcoinjs-lib/-/bitcoinjs-lib-1.5.8.tgz",
      "integrity": "sha1-LU2lUrVCXgDDo5ssNjna/oWJqi8=",
      "dev": true,
      "requires": {
        "bigi": "1.4.1",
        "bs58check": "1.0.8",
        "create-hash": "1.1.2",
        "create-hmac": "1.1.4",
        "ecurve": "1.0.3",
        "randombytes": "2.0.3",
        "typeforce": "1.6.2"
      },
      "dependencies": {
        "bigi": {
          "version": "1.4.1",
          "resolved": "https://registry.npmjs.org/bigi/-/bigi-1.4.1.tgz",
          "integrity": "sha1-cm6KsI0f4d+4qmu2MJv/7Pk6Ibc=",
          "dev": true
        },
        "bs58check": {
          "version": "1.0.8",
          "resolved": "https://registry.npmjs.org/bs58check/-/bs58check-1.0.8.tgz",
          "integrity": "sha1-WlFCNp5m8/y15Qfw2q/BMQ7f9HI=",
          "dev": true,
          "requires": {
            "bs58": "2.0.1",
            "create-hash": "1.1.2"
          },
          "dependencies": {
            "bs58": {
              "version": "2.0.1",
              "resolved": "https://registry.npmjs.org/bs58/-/bs58-2.0.1.tgz",
              "integrity": "sha1-VZCNWPGYKrogCPob7Y+RmYopv40=",
              "dev": true
            }
          }
        },
        "create-hash": {
          "version": "1.1.2",
          "resolved": "https://registry.npmjs.org/create-hash/-/create-hash-1.1.2.tgz",
          "integrity": "sha1-USEAYte7dHn2xlu0GpIgix1hq60=",
          "dev": true,
          "requires": {
            "cipher-base": "1.0.2",
            "inherits": "2.0.1",
            "ripemd160": "1.0.1",
            "sha.js": "2.4.5"
          },
          "dependencies": {
            "cipher-base": {
              "version": "1.0.2",
              "resolved": "https://registry.npmjs.org/cipher-base/-/cipher-base-1.0.2.tgz",
              "integrity": "sha1-VKwdHr32obzTVZ5vNp1yaX8sq48=",
              "dev": true,
              "requires": {
                "inherits": "2.0.1"
              }
            },
            "inherits": {
              "version": "2.0.1",
              "resolved": "https://registry.npmjs.org/inherits/-/inherits-2.0.1.tgz",
              "integrity": "sha1-sX0I0ya0Qj5Wjv9xn5GwscvfafE=",
              "dev": true
            },
            "ripemd160": {
              "version": "1.0.1",
              "resolved": "https://registry.npmjs.org/ripemd160/-/ripemd160-1.0.1.tgz",
              "integrity": "sha1-k6S71JQrxXS2mo+lfHHeEOzKfW4=",
              "dev": true
            },
            "sha.js": {
              "version": "2.4.5",
              "resolved": "https://registry.npmjs.org/sha.js/-/sha.js-2.4.5.tgz",
              "integrity": "sha1-J9Fx78yCoRi5ljn/WBZgJCtQbnw=",
              "dev": true,
              "requires": {
                "inherits": "2.0.1"
              }
            }
          }
        },
        "create-hmac": {
          "version": "1.1.4",
          "resolved": "https://registry.npmjs.org/create-hmac/-/create-hmac-1.1.4.tgz",
          "integrity": "sha1-0/tLolPriz9W456i+8uK90e9MXA=",
          "dev": true,
          "requires": {
            "create-hash": "1.1.2",
            "inherits": "2.0.1"
          },
          "dependencies": {
            "inherits": {
              "version": "2.0.1",
              "resolved": "https://registry.npmjs.org/inherits/-/inherits-2.0.1.tgz",
              "integrity": "sha1-sX0I0ya0Qj5Wjv9xn5GwscvfafE=",
              "dev": true
            }
          }
        },
        "ecurve": {
          "version": "1.0.3",
          "resolved": "https://registry.npmjs.org/ecurve/-/ecurve-1.0.3.tgz",
          "integrity": "sha1-DZOr7aEnmQCyMWfX2TA8EXxZqQ0=",
          "dev": true,
          "requires": {
            "bigi": "1.4.1"
          }
        },
        "randombytes": {
          "version": "2.0.3",
          "resolved": "https://registry.npmjs.org/randombytes/-/randombytes-2.0.3.tgz",
          "integrity": "sha1-Z0yZdgkBw8QRJ3GjHlIdw0nMCew=",
          "dev": true
        },
        "typeforce": {
          "version": "1.6.2",
          "resolved": "https://registry.npmjs.org/typeforce/-/typeforce-1.6.2.tgz",
          "integrity": "sha1-huFFfixxBR8UgNhocmrEAFjHwn4=",
          "dev": true,
          "requires": {
            "inherits": "2.0.1"
          },
          "dependencies": {
            "inherits": {
              "version": "2.0.1",
              "resolved": "https://registry.npmjs.org/inherits/-/inherits-2.0.1.tgz",
              "integrity": "sha1-sX0I0ya0Qj5Wjv9xn5GwscvfafE=",
              "dev": true
            }
          }
        }
      }
    },
    "fullnode": {
      "version": "0.9.0",
      "resolved": "https://registry.npmjs.org/fullnode/-/fullnode-0.9.0.tgz",
      "integrity": "sha1-PDLFkoCzbJNPCQ9uLJazJ7HUyAY=",
      "dev": true,
      "requires": {
        "aes": "https://registry.npmjs.org/aes/-/aes-0.1.0.tgz",
        "bn.js": "https://registry.npmjs.org/bn.js/-/bn.js-2.0.3.tgz",
        "bs58": "1.2.1",
        "elliptic": "https://registry.npmjs.org/elliptic/-/elliptic-3.0.3.tgz",
        "hash.js": "https://registry.npmjs.org/hash.js/-/hash.js-1.0.2.tgz",
        "pbkdf2-compat": "https://registry.npmjs.org/pbkdf2-compat/-/pbkdf2-compat-4.0.0.tgz",
        "unorm": "https://registry.npmjs.org/unorm/-/unorm-1.3.3.tgz"
      },
      "dependencies": {
        "aes": {
          "version": "https://registry.npmjs.org/aes/-/aes-0.1.0.tgz",
          "integrity": "sha1-dcp863jlNtQ+7xBkn/qhyyrHUJ0=",
          "dev": true
        },
        "bn.js": {
          "version": "https://registry.npmjs.org/bn.js/-/bn.js-2.0.3.tgz",
          "integrity": "sha1-iJIvHWk8/cgmDGBqOqq/yY0lgV8=",
          "dev": true
        },
        "bs58": {
          "version": "1.2.1",
          "resolved": "https://registry.npmjs.org/bs58/-/bs58-1.2.1.tgz",
          "integrity": "sha1-9yeEo1RNeGQbus9hl8hk4MHmP2w=",
          "dev": true
        },
        "elliptic": {
          "version": "https://registry.npmjs.org/elliptic/-/elliptic-3.0.3.tgz",
          "integrity": "sha1-hlybQgv75VAGuflp+XoNLESWZZU=",
          "dev": true,
          "requires": {
            "bn.js": "https://registry.npmjs.org/bn.js/-/bn.js-2.0.3.tgz",
            "brorand": "https://registry.npmjs.org/brorand/-/brorand-1.0.5.tgz",
            "hash.js": "https://registry.npmjs.org/hash.js/-/hash.js-1.0.2.tgz",
            "inherits": "https://registry.npmjs.org/inherits/-/inherits-2.0.1.tgz"
          },
          "dependencies": {
            "brorand": {
              "version": "https://registry.npmjs.org/brorand/-/brorand-1.0.5.tgz",
              "integrity": "sha1-B7VMowKGq9Fxig4qgwgD79yb+gQ=",
              "dev": true
            },
            "inherits": {
              "version": "https://registry.npmjs.org/inherits/-/inherits-2.0.1.tgz",
              "integrity": "sha1-sX0I0ya0Qj5Wjv9xn5GwscvfafE=",
              "dev": true
            }
          }
        },
        "hash.js": {
          "version": "https://registry.npmjs.org/hash.js/-/hash.js-1.0.2.tgz",
          "integrity": "sha1-vH1gH04NBaMvNSbRH+Ofel64wYc=",
          "dev": true,
          "requires": {
            "inherits": "https://registry.npmjs.org/inherits/-/inherits-2.0.1.tgz"
          },
          "dependencies": {
            "inherits": {
              "version": "https://registry.npmjs.org/inherits/-/inherits-2.0.1.tgz",
              "integrity": "sha1-sX0I0ya0Qj5Wjv9xn5GwscvfafE=",
              "dev": true
            }
          }
        },
        "pbkdf2-compat": {
          "version": "https://registry.npmjs.org/pbkdf2-compat/-/pbkdf2-compat-4.0.0.tgz",
          "integrity": "sha1-GLCQskS74ICQN8w+UJwEYGTJLto=",
          "dev": true,
          "requires": {
            "create-hmac": "https://registry.npmjs.org/create-hmac/-/create-hmac-1.1.3.tgz"
          },
          "dependencies": {
            "create-hmac": {
              "version": "https://registry.npmjs.org/create-hmac/-/create-hmac-1.1.3.tgz",
              "integrity": "sha1-KYQ+nBkbpBKrABvFWsi4ua5UtnA=",
              "dev": true,
              "requires": {
                "create-hash": "https://registry.npmjs.org/create-hash/-/create-hash-1.1.1.tgz",
                "inherits": "https://registry.npmjs.org/inherits/-/inherits-2.0.1.tgz"
              },
              "dependencies": {
                "create-hash": {
                  "version": "https://registry.npmjs.org/create-hash/-/create-hash-1.1.1.tgz",
                  "integrity": "sha1-pVQk+XtTab+yqX5TvZt6GqbdOhc=",
                  "dev": true,
                  "requires": {
                    "inherits": "https://registry.npmjs.org/inherits/-/inherits-2.0.1.tgz",
                    "ripemd160": "https://registry.npmjs.org/ripemd160/-/ripemd160-1.0.0.tgz",
                    "sha.js": "https://registry.npmjs.org/sha.js/-/sha.js-2.4.0.tgz"
                  },
                  "dependencies": {
                    "ripemd160": {
                      "version": "https://registry.npmjs.org/ripemd160/-/ripemd160-1.0.0.tgz",
                      "integrity": "sha1-Ff0lHVbliEiEDz1YZKXPuyWRFMc=",
                      "dev": true
                    },
                    "sha.js": {
                      "version": "https://registry.npmjs.org/sha.js/-/sha.js-2.4.0.tgz",
                      "integrity": "sha1-un8aT+MSqIuQ2rgPIoqyTvMaesM=",
                      "dev": true,
                      "requires": {
                        "inherits": "https://registry.npmjs.org/inherits/-/inherits-2.0.1.tgz"
                      }
                    }
                  }
                },
                "inherits": {
                  "version": "https://registry.npmjs.org/inherits/-/inherits-2.0.1.tgz",
                  "integrity": "sha1-sX0I0ya0Qj5Wjv9xn5GwscvfafE=",
                  "dev": true
                }
              }
            }
          }
        },
        "unorm": {
          "version": "https://registry.npmjs.org/unorm/-/unorm-1.3.3.tgz",
          "integrity": "sha1-Fqh3JnHr1vfN5vjF5Ju2CsR9upM=",
          "dev": true
        }
      }
    }
  }
}
